// !$*UTF8*$!
{
	archiveVersion = 1;
	classes = {
	};
	objectVersion = 50;
	objects = {

/* Begin PBXBuildFile section */
		5204245722C8CC6F001BFF54 /* CreateAccountVC.swift in Sources */ = {isa = PBXBuildFile; fileRef = 5204245622C8CC6F001BFF54 /* CreateAccountVC.swift */; };
		5230598522C39E1B0057DDD3 /* AppDelegate.swift in Sources */ = {isa = PBXBuildFile; fileRef = 5230598422C39E1B0057DDD3 /* AppDelegate.swift */; };
		5230598A22C39E1B0057DDD3 /* Main.storyboard in Resources */ = {isa = PBXBuildFile; fileRef = 5230598822C39E1B0057DDD3 /* Main.storyboard */; };
		5230598C22C39E1C0057DDD3 /* Assets.xcassets in Resources */ = {isa = PBXBuildFile; fileRef = 5230598B22C39E1C0057DDD3 /* Assets.xcassets */; };
		5230598F22C39E1C0057DDD3 /* LaunchScreen.storyboard in Resources */ = {isa = PBXBuildFile; fileRef = 5230598D22C39E1C0057DDD3 /* LaunchScreen.storyboard */; };
		526FD16522C3B63A003720DF /* ChannelVC.swift in Sources */ = {isa = PBXBuildFile; fileRef = 526FD16422C3B63A003720DF /* ChannelVC.swift */; };
		526FD16722C3BA17003720DF /* ChatVC.swift in Sources */ = {isa = PBXBuildFile; fileRef = 526FD16622C3BA17003720DF /* ChatVC.swift */; };
		526FD17222C3BFAB003720DF /* SWRevealViewController.m in Sources */ = {isa = PBXBuildFile; fileRef = 526FD17022C3BFAB003720DF /* SWRevealViewController.m */; };
		5277810022D28C53007DC020 /* CircleImage.swift in Sources */ = {isa = PBXBuildFile; fileRef = 527780FF22D28C53007DC020 /* CircleImage.swift */; };
		527A9F6B22C502E2006EE32E /* GradientView.swift in Sources */ = {isa = PBXBuildFile; fileRef = 527A9F6A22C502E2006EE32E /* GradientView.swift */; };
		5293301B22CC04900078C845 /* AuthServices.swift in Sources */ = {isa = PBXBuildFile; fileRef = 5293301A22CC04900078C845 /* AuthServices.swift */; };
		52AF7E4D22CE23E9003950BB /* UserDataService.swift in Sources */ = {isa = PBXBuildFile; fileRef = 52AF7E4C22CE23E9003950BB /* UserDataService.swift */; };
		52BDCFD322D370F2009EC5B1 /* ProfileVC.swift in Sources */ = {isa = PBXBuildFile; fileRef = 52BDCFD122D370F2009EC5B1 /* ProfileVC.swift */; };
		52BDCFD422D370F2009EC5B1 /* ProfileVC.xib in Resources */ = {isa = PBXBuildFile; fileRef = 52BDCFD222D370F2009EC5B1 /* ProfileVC.xib */; };
		52C9491B22D3E14400F847C3 /* MessageService.swift in Sources */ = {isa = PBXBuildFile; fileRef = 52C9491A22D3E14400F847C3 /* MessageService.swift */; };
		52C9491D22D3E18500F847C3 /* Channel.swift in Sources */ = {isa = PBXBuildFile; fileRef = 52C9491C22D3E18500F847C3 /* Channel.swift */; };
		52C9491F22D3F55900F847C3 /* ChannelCell.swift in Sources */ = {isa = PBXBuildFile; fileRef = 52C9491E22D3F55900F847C3 /* ChannelCell.swift */; };
		52D35D1D22D482F700117636 /* AddChannelVC.swift in Sources */ = {isa = PBXBuildFile; fileRef = 52D35D1B22D482F700117636 /* AddChannelVC.swift */; };
		52D35D1E22D482F700117636 /* AddChannelVC.xib in Resources */ = {isa = PBXBuildFile; fileRef = 52D35D1C22D482F700117636 /* AddChannelVC.xib */; };
		52D89A8D22D4A0C600EA5A6C /* SocketService.swift in Sources */ = {isa = PBXBuildFile; fileRef = 52D89A8C22D4A0C600EA5A6C /* SocketService.swift */; };
		52DA73D822CE8E7F0074A4CF /* AvatarPickerVC.swift in Sources */ = {isa = PBXBuildFile; fileRef = 52DA73D722CE8E7F0074A4CF /* AvatarPickerVC.swift */; };
		52DA73DA22CE93920074A4CF /* AvatarCell.swift in Sources */ = {isa = PBXBuildFile; fileRef = 52DA73D922CE93920074A4CF /* AvatarCell.swift */; };
		52F9DB8322CCD5660022D23B /* RoundedButton.swift in Sources */ = {isa = PBXBuildFile; fileRef = 52F9DB8222CCD5660022D23B /* RoundedButton.swift */; };
		52FE1C0B22C655AA004AC680 /* Constants.swift in Sources */ = {isa = PBXBuildFile; fileRef = 52FE1C0A22C655AA004AC680 /* Constants.swift */; };
		52FE1C0D22C65C59004AC680 /* LoginVC.swift in Sources */ = {isa = PBXBuildFile; fileRef = 52FE1C0C22C65C59004AC680 /* LoginVC.swift */; };
		52FF2B9B22D4C84A00BDAC77 /* Message.swift in Sources */ = {isa = PBXBuildFile; fileRef = 52FF2B9A22D4C84A00BDAC77 /* Message.swift */; };
		BDCD355536E7A0AAC55AD15D /* Pods_Smack.framework in Frameworks */ = {isa = PBXBuildFile; fileRef = 712EC98EC07E340462CA59BF /* Pods_Smack.framework */; };
/* End PBXBuildFile section */

/* Begin PBXFileReference section */
		5204245622C8CC6F001BFF54 /* CreateAccountVC.swift */ = {isa = PBXFileReference; lastKnownFileType = sourcecode.swift; path = CreateAccountVC.swift; sourceTree = "<group>"; };
		5230598122C39E1B0057DDD3 /* Smack.app */ = {isa = PBXFileReference; explicitFileType = wrapper.application; includeInIndex = 0; path = Smack.app; sourceTree = BUILT_PRODUCTS_DIR; };
		5230598422C39E1B0057DDD3 /* AppDelegate.swift */ = {isa = PBXFileReference; lastKnownFileType = sourcecode.swift; path = AppDelegate.swift; sourceTree = "<group>"; };
		5230598922C39E1B0057DDD3 /* Base */ = {isa = PBXFileReference; lastKnownFileType = file.storyboard; name = Base; path = Base.lproj/Main.storyboard; sourceTree = "<group>"; };
		5230598B22C39E1C0057DDD3 /* Assets.xcassets */ = {isa = PBXFileReference; lastKnownFileType = folder.assetcatalog; path = Assets.xcassets; sourceTree = "<group>"; };
		5230598E22C39E1C0057DDD3 /* Base */ = {isa = PBXFileReference; lastKnownFileType = file.storyboard; name = Base; path = Base.lproj/LaunchScreen.storyboard; sourceTree = "<group>"; };
		5230599022C39E1C0057DDD3 /* Info.plist */ = {isa = PBXFileReference; lastKnownFileType = text.plist.xml; path = Info.plist; sourceTree = "<group>"; };
		526FD16422C3B63A003720DF /* ChannelVC.swift */ = {isa = PBXFileReference; lastKnownFileType = sourcecode.swift; path = ChannelVC.swift; sourceTree = "<group>"; };
		526FD16622C3BA17003720DF /* ChatVC.swift */ = {isa = PBXFileReference; lastKnownFileType = sourcecode.swift; path = ChatVC.swift; sourceTree = "<group>"; };
		526FD16F22C3BFAA003720DF /* Smack-Bridging-Header.h */ = {isa = PBXFileReference; lastKnownFileType = sourcecode.c.h; path = "Smack-Bridging-Header.h"; sourceTree = "<group>"; };
		526FD17022C3BFAB003720DF /* SWRevealViewController.m */ = {isa = PBXFileReference; fileEncoding = 4; lastKnownFileType = sourcecode.c.objc; path = SWRevealViewController.m; sourceTree = "<group>"; };
		526FD17122C3BFAB003720DF /* SWRevealViewController.h */ = {isa = PBXFileReference; fileEncoding = 4; lastKnownFileType = sourcecode.c.h; path = SWRevealViewController.h; sourceTree = "<group>"; };
		527780FF22D28C53007DC020 /* CircleImage.swift */ = {isa = PBXFileReference; lastKnownFileType = sourcecode.swift; path = CircleImage.swift; sourceTree = "<group>"; };
		527A9F6A22C502E2006EE32E /* GradientView.swift */ = {isa = PBXFileReference; lastKnownFileType = sourcecode.swift; path = GradientView.swift; sourceTree = "<group>"; };
		5293301A22CC04900078C845 /* AuthServices.swift */ = {isa = PBXFileReference; lastKnownFileType = sourcecode.swift; path = AuthServices.swift; sourceTree = "<group>"; };
		52AF7E4C22CE23E9003950BB /* UserDataService.swift */ = {isa = PBXFileReference; lastKnownFileType = sourcecode.swift; path = UserDataService.swift; sourceTree = "<group>"; };
		52BDCFD122D370F2009EC5B1 /* ProfileVC.swift */ = {isa = PBXFileReference; lastKnownFileType = sourcecode.swift; path = ProfileVC.swift; sourceTree = "<group>"; };
		52BDCFD222D370F2009EC5B1 /* ProfileVC.xib */ = {isa = PBXFileReference; lastKnownFileType = file.xib; path = ProfileVC.xib; sourceTree = "<group>"; };
		52C9491A22D3E14400F847C3 /* MessageService.swift */ = {isa = PBXFileReference; lastKnownFileType = sourcecode.swift; path = MessageService.swift; sourceTree = "<group>"; };
		52C9491C22D3E18500F847C3 /* Channel.swift */ = {isa = PBXFileReference; lastKnownFileType = sourcecode.swift; path = Channel.swift; sourceTree = "<group>"; };
		52C9491E22D3F55900F847C3 /* ChannelCell.swift */ = {isa = PBXFileReference; lastKnownFileType = sourcecode.swift; path = ChannelCell.swift; sourceTree = "<group>"; };
		52D35D1B22D482F700117636 /* AddChannelVC.swift */ = {isa = PBXFileReference; lastKnownFileType = sourcecode.swift; path = AddChannelVC.swift; sourceTree = "<group>"; };
		52D35D1C22D482F700117636 /* AddChannelVC.xib */ = {isa = PBXFileReference; lastKnownFileType = file.xib; path = AddChannelVC.xib; sourceTree = "<group>"; };
		52D89A8C22D4A0C600EA5A6C /* SocketService.swift */ = {isa = PBXFileReference; lastKnownFileType = sourcecode.swift; path = SocketService.swift; sourceTree = "<group>"; };
		52DA73D722CE8E7F0074A4CF /* AvatarPickerVC.swift */ = {isa = PBXFileReference; lastKnownFileType = sourcecode.swift; path = AvatarPickerVC.swift; sourceTree = "<group>"; };
		52DA73D922CE93920074A4CF /* AvatarCell.swift */ = {isa = PBXFileReference; lastKnownFileType = sourcecode.swift; path = AvatarCell.swift; sourceTree = "<group>"; };
		52F9DB8222CCD5660022D23B /* RoundedButton.swift */ = {isa = PBXFileReference; lastKnownFileType = sourcecode.swift; path = RoundedButton.swift; sourceTree = "<group>"; };
		52FE1C0A22C655AA004AC680 /* Constants.swift */ = {isa = PBXFileReference; lastKnownFileType = sourcecode.swift; path = Constants.swift; sourceTree = "<group>"; };
		52FE1C0C22C65C59004AC680 /* LoginVC.swift */ = {isa = PBXFileReference; lastKnownFileType = sourcecode.swift; path = LoginVC.swift; sourceTree = "<group>"; };
		52FF2B9A22D4C84A00BDAC77 /* Message.swift */ = {isa = PBXFileReference; lastKnownFileType = sourcecode.swift; path = Message.swift; sourceTree = "<group>"; };
		712EC98EC07E340462CA59BF /* Pods_Smack.framework */ = {isa = PBXFileReference; explicitFileType = wrapper.framework; includeInIndex = 0; path = Pods_Smack.framework; sourceTree = BUILT_PRODUCTS_DIR; };
		AD242F0CEA73825891C15CF1 /* Pods-Smack.debug.xcconfig */ = {isa = PBXFileReference; includeInIndex = 1; lastKnownFileType = text.xcconfig; name = "Pods-Smack.debug.xcconfig"; path = "Pods/Target Support Files/Pods-Smack/Pods-Smack.debug.xcconfig"; sourceTree = "<group>"; };
		E9F5E16968E19029AF8FA5E6 /* Pods-Smack.release.xcconfig */ = {isa = PBXFileReference; includeInIndex = 1; lastKnownFileType = text.xcconfig; name = "Pods-Smack.release.xcconfig"; path = "Pods/Target Support Files/Pods-Smack/Pods-Smack.release.xcconfig"; sourceTree = "<group>"; };
/* End PBXFileReference section */

/* Begin PBXFrameworksBuildPhase section */
		5230597E22C39E1B0057DDD3 /* Frameworks */ = {
			isa = PBXFrameworksBuildPhase;
			buildActionMask = 2147483647;
			files = (
				BDCD355536E7A0AAC55AD15D /* Pods_Smack.framework in Frameworks */,
			);
			runOnlyForDeploymentPostprocessing = 0;
		};
/* End PBXFrameworksBuildPhase section */

/* Begin PBXGroup section */
		5230597822C39E1B0057DDD3 = {
			isa = PBXGroup;
			children = (
				5230598322C39E1B0057DDD3 /* Smack */,
				5230598222C39E1B0057DDD3 /* Products */,
				6E9C35E5533B9B79ABE6175D /* Pods */,
				DD44F6DEFBA0E44B504ACA63 /* Frameworks */,
			);
			sourceTree = "<group>";
		};
		5230598222C39E1B0057DDD3 /* Products */ = {
			isa = PBXGroup;
			children = (
				5230598122C39E1B0057DDD3 /* Smack.app */,
			);
			name = Products;
			sourceTree = "<group>";
		};
		5230598322C39E1B0057DDD3 /* Smack */ = {
			isa = PBXGroup;
			children = (
				52BDCFD522D37113009EC5B1 /* XIBs */,
				5293301922CC04710078C845 /* Services */,
				52FE1C0922C65589004AC680 /* Utilities */,
				526FD16822C3BBF2003720DF /* Supporting Files */,
				526FD16122C3B5D2003720DF /* Model */,
				526FD16022C3B5B0003720DF /* View */,
				526FD15F22C3B593003720DF /* Controller */,
				5230598422C39E1B0057DDD3 /* AppDelegate.swift */,
				5230598822C39E1B0057DDD3 /* Main.storyboard */,
				5230598B22C39E1C0057DDD3 /* Assets.xcassets */,
				5230598D22C39E1C0057DDD3 /* LaunchScreen.storyboard */,
				5230599022C39E1C0057DDD3 /* Info.plist */,
			);
			path = Smack;
			sourceTree = "<group>";
		};
		526FD15F22C3B593003720DF /* Controller */ = {
			isa = PBXGroup;
			children = (
				526FD16422C3B63A003720DF /* ChannelVC.swift */,
				526FD16622C3BA17003720DF /* ChatVC.swift */,
				52FE1C0C22C65C59004AC680 /* LoginVC.swift */,
				5204245622C8CC6F001BFF54 /* CreateAccountVC.swift */,
				52DA73D722CE8E7F0074A4CF /* AvatarPickerVC.swift */,
				52BDCFD122D370F2009EC5B1 /* ProfileVC.swift */,
				52D35D1B22D482F700117636 /* AddChannelVC.swift */,
			);
			path = Controller;
			sourceTree = "<group>";
		};
		526FD16022C3B5B0003720DF /* View */ = {
			isa = PBXGroup;
			children = (
				527A9F6A22C502E2006EE32E /* GradientView.swift */,
				52F9DB8222CCD5660022D23B /* RoundedButton.swift */,
				52DA73D922CE93920074A4CF /* AvatarCell.swift */,
				527780FF22D28C53007DC020 /* CircleImage.swift */,
				52C9491E22D3F55900F847C3 /* ChannelCell.swift */,
			);
			path = View;
			sourceTree = "<group>";
		};
		526FD16122C3B5D2003720DF /* Model */ = {
			isa = PBXGroup;
			children = (
				52C9491C22D3E18500F847C3 /* Channel.swift */,
				52FF2B9A22D4C84A00BDAC77 /* Message.swift */,
			);
			path = Model;
			sourceTree = "<group>";
		};
		526FD16822C3BBF2003720DF /* Supporting Files */ = {
			isa = PBXGroup;
			children = (
				526FD17122C3BFAB003720DF /* SWRevealViewController.h */,
				526FD17022C3BFAB003720DF /* SWRevealViewController.m */,
				526FD16F22C3BFAA003720DF /* Smack-Bridging-Header.h */,
			);
			path = "Supporting Files";
			sourceTree = "<group>";
		};
		5293301922CC04710078C845 /* Services */ = {
			isa = PBXGroup;
			children = (
				5293301A22CC04900078C845 /* AuthServices.swift */,
				52AF7E4C22CE23E9003950BB /* UserDataService.swift */,
				52C9491A22D3E14400F847C3 /* MessageService.swift */,
				52D89A8C22D4A0C600EA5A6C /* SocketService.swift */,
			);
			path = Services;
			sourceTree = "<group>";
		};
		52BDCFD522D37113009EC5B1 /* XIBs */ = {
			isa = PBXGroup;
			children = (
				52BDCFD222D370F2009EC5B1 /* ProfileVC.xib */,
				52D35D1C22D482F700117636 /* AddChannelVC.xib */,
			);
			path = XIBs;
			sourceTree = "<group>";
		};
		52FE1C0922C65589004AC680 /* Utilities */ = {
			isa = PBXGroup;
			children = (
				52FE1C0A22C655AA004AC680 /* Constants.swift */,
			);
			path = Utilities;
			sourceTree = "<group>";
		};
		6E9C35E5533B9B79ABE6175D /* Pods */ = {
			isa = PBXGroup;
			children = (
				AD242F0CEA73825891C15CF1 /* Pods-Smack.debug.xcconfig */,
				E9F5E16968E19029AF8FA5E6 /* Pods-Smack.release.xcconfig */,
			);
			name = Pods;
			sourceTree = "<group>";
		};
		DD44F6DEFBA0E44B504ACA63 /* Frameworks */ = {
			isa = PBXGroup;
			children = (
				712EC98EC07E340462CA59BF /* Pods_Smack.framework */,
			);
			name = Frameworks;
			sourceTree = "<group>";
		};
/* End PBXGroup section */

/* Begin PBXNativeTarget section */
		5230598022C39E1B0057DDD3 /* Smack */ = {
			isa = PBXNativeTarget;
			buildConfigurationList = 5230599322C39E1C0057DDD3 /* Build configuration list for PBXNativeTarget "Smack" */;
			buildPhases = (
				B8CFB8DC2ED1768E85098016 /* [CP] Check Pods Manifest.lock */,
				5230597D22C39E1B0057DDD3 /* Sources */,
				5230597E22C39E1B0057DDD3 /* Frameworks */,
				5230597F22C39E1B0057DDD3 /* Resources */,
				9452AF1EA3AE74026477630E /* [CP] Embed Pods Frameworks */,
			);
			buildRules = (
			);
			dependencies = (
			);
			name = Smack;
			productName = Smack;
			productReference = 5230598122C39E1B0057DDD3 /* Smack.app */;
			productType = "com.apple.product-type.application";
		};
/* End PBXNativeTarget section */

/* Begin PBXProject section */
		5230597922C39E1B0057DDD3 /* Project object */ = {
			isa = PBXProject;
			attributes = {
				LastSwiftUpdateCheck = 1020;
				LastUpgradeCheck = 1020;
				ORGANIZATIONNAME = "MacBook Pro";
				TargetAttributes = {
					5230598022C39E1B0057DDD3 = {
						CreatedOnToolsVersion = 10.2.1;
						LastSwiftMigration = 1020;
					};
				};
			};
			buildConfigurationList = 5230597C22C39E1B0057DDD3 /* Build configuration list for PBXProject "Smack" */;
			compatibilityVersion = "Xcode 9.3";
			developmentRegion = en;
			hasScannedForEncodings = 0;
			knownRegions = (
				en,
				Base,
			);
			mainGroup = 5230597822C39E1B0057DDD3;
			productRefGroup = 5230598222C39E1B0057DDD3 /* Products */;
			projectDirPath = "";
			projectRoot = "";
			targets = (
				5230598022C39E1B0057DDD3 /* Smack */,
			);
		};
/* End PBXProject section */

/* Begin PBXResourcesBuildPhase section */
		5230597F22C39E1B0057DDD3 /* Resources */ = {
			isa = PBXResourcesBuildPhase;
			buildActionMask = 2147483647;
			files = (
				52D35D1E22D482F700117636 /* AddChannelVC.xib in Resources */,
				52BDCFD422D370F2009EC5B1 /* ProfileVC.xib in Resources */,
				5230598F22C39E1C0057DDD3 /* LaunchScreen.storyboard in Resources */,
				5230598C22C39E1C0057DDD3 /* Assets.xcassets in Resources */,
				5230598A22C39E1B0057DDD3 /* Main.storyboard in Resources */,
			);
			runOnlyForDeploymentPostprocessing = 0;
		};
/* End PBXResourcesBuildPhase section */

/* Begin PBXShellScriptBuildPhase section */
		9452AF1EA3AE74026477630E /* [CP] Embed Pods Frameworks */ = {
			isa = PBXShellScriptBuildPhase;
			buildActionMask = 2147483647;
			files = (
			);
			inputPaths = (
				"${SRCROOT}/Pods/Target Support Files/Pods-Smack/Pods-Smack-frameworks.sh",
				"${BUILT_PRODUCTS_DIR}/Alamofire/Alamofire.framework",
				"${BUILT_PRODUCTS_DIR}/Socket.IO-Client-Swift/SocketIO.framework",
				"${BUILT_PRODUCTS_DIR}/Starscream/Starscream.framework",
				"${BUILT_PRODUCTS_DIR}/SwiftyJSON/SwiftyJSON.framework",
			);
			name = "[CP] Embed Pods Frameworks";
			outputPaths = (
				"${TARGET_BUILD_DIR}/${FRAMEWORKS_FOLDER_PATH}/Alamofire.framework",
				"${TARGET_BUILD_DIR}/${FRAMEWORKS_FOLDER_PATH}/SocketIO.framework",
				"${TARGET_BUILD_DIR}/${FRAMEWORKS_FOLDER_PATH}/Starscream.framework",
				"${TARGET_BUILD_DIR}/${FRAMEWORKS_FOLDER_PATH}/SwiftyJSON.framework",
			);
			runOnlyForDeploymentPostprocessing = 0;
			shellPath = /bin/sh;
			shellScript = "\"${SRCROOT}/Pods/Target Support Files/Pods-Smack/Pods-Smack-frameworks.sh\"\n";
			showEnvVarsInLog = 0;
		};
		B8CFB8DC2ED1768E85098016 /* [CP] Check Pods Manifest.lock */ = {
			isa = PBXShellScriptBuildPhase;
			buildActionMask = 2147483647;
			files = (
			);
			inputPaths = (
				"${PODS_PODFILE_DIR_PATH}/Podfile.lock",
				"${PODS_ROOT}/Manifest.lock",
			);
			name = "[CP] Check Pods Manifest.lock";
			outputPaths = (
				"$(DERIVED_FILE_DIR)/Pods-Smack-checkManifestLockResult.txt",
			);
			runOnlyForDeploymentPostprocessing = 0;
			shellPath = /bin/sh;
			shellScript = "diff \"${PODS_PODFILE_DIR_PATH}/Podfile.lock\" \"${PODS_ROOT}/Manifest.lock\" > /dev/null\nif [ $? != 0 ] ; then\n    # print error to STDERR\n    echo \"error: The sandbox is not in sync with the Podfile.lock. Run 'pod install' or update your CocoaPods installation.\" >&2\n    exit 1\nfi\n# This output is used by Xcode 'outputs' to avoid re-running this script phase.\necho \"SUCCESS\" > \"${SCRIPT_OUTPUT_FILE_0}\"\n";
			showEnvVarsInLog = 0;
		};
/* End PBXShellScriptBuildPhase section */

/* Begin PBXSourcesBuildPhase section */
		5230597D22C39E1B0057DDD3 /* Sources */ = {
			isa = PBXSourcesBuildPhase;
			buildActionMask = 2147483647;
			files = (
				52D89A8D22D4A0C600EA5A6C /* SocketService.swift in Sources */,
				52BDCFD322D370F2009EC5B1 /* ProfileVC.swift in Sources */,
				52C9491F22D3F55900F847C3 /* ChannelCell.swift in Sources */,
				526FD16722C3BA17003720DF /* ChatVC.swift in Sources */,
				52DA73D822CE8E7F0074A4CF /* AvatarPickerVC.swift in Sources */,
				52F9DB8322CCD5660022D23B /* RoundedButton.swift in Sources */,
				52FF2B9B22D4C84A00BDAC77 /* Message.swift in Sources */,
				52C9491D22D3E18500F847C3 /* Channel.swift in Sources */,
				5277810022D28C53007DC020 /* CircleImage.swift in Sources */,
				52C9491B22D3E14400F847C3 /* MessageService.swift in Sources */,
				526FD16522C3B63A003720DF /* ChannelVC.swift in Sources */,
				52AF7E4D22CE23E9003950BB /* UserDataService.swift in Sources */,
				5204245722C8CC6F001BFF54 /* CreateAccountVC.swift in Sources */,
				52FE1C0D22C65C59004AC680 /* LoginVC.swift in Sources */,
				527A9F6B22C502E2006EE32E /* GradientView.swift in Sources */,
				52D35D1D22D482F700117636 /* AddChannelVC.swift in Sources */,
				5230598522C39E1B0057DDD3 /* AppDelegate.swift in Sources */,
				52DA73DA22CE93920074A4CF /* AvatarCell.swift in Sources */,
				5293301B22CC04900078C845 /* AuthServices.swift in Sources */,
				526FD17222C3BFAB003720DF /* SWRevealViewController.m in Sources */,
				52FE1C0B22C655AA004AC680 /* Constants.swift in Sources */,
			);
			runOnlyForDeploymentPostprocessing = 0;
		};
/* End PBXSourcesBuildPhase section */

/* Begin PBXVariantGroup section */
		5230598822C39E1B0057DDD3 /* Main.storyboard */ = {
			isa = PBXVariantGroup;
			children = (
				5230598922C39E1B0057DDD3 /* Base */,
			);
			name = Main.storyboard;
			sourceTree = "<group>";
		};
		5230598D22C39E1C0057DDD3 /* LaunchScreen.storyboard */ = {
			isa = PBXVariantGroup;
			children = (
				5230598E22C39E1C0057DDD3 /* Base */,
			);
			name = LaunchScreen.storyboard;
			sourceTree = "<group>";
		};
/* End PBXVariantGroup section */

/* Begin XCBuildConfiguration section */
		5230599122C39E1C0057DDD3 /* Debug */ = {
			isa = XCBuildConfiguration;
			buildSettings = {
				ALWAYS_SEARCH_USER_PATHS = NO;
				CLANG_ANALYZER_NONNULL = YES;
				CLANG_ANALYZER_NUMBER_OBJECT_CONVERSION = YES_AGGRESSIVE;
				CLANG_CXX_LANGUAGE_STANDARD = "gnu++14";
				CLANG_CXX_LIBRARY = "libc++";
				CLANG_ENABLE_MODULES = YES;
				CLANG_ENABLE_OBJC_ARC = YES;
				CLANG_ENABLE_OBJC_WEAK = YES;
				CLANG_WARN_BLOCK_CAPTURE_AUTORELEASING = YES;
				CLANG_WARN_BOOL_CONVERSION = YES;
				CLANG_WARN_COMMA = YES;
				CLANG_WARN_CONSTANT_CONVERSION = YES;
				CLANG_WARN_DEPRECATED_OBJC_IMPLEMENTATIONS = YES;
				CLANG_WARN_DIRECT_OBJC_ISA_USAGE = YES_ERROR;
				CLANG_WARN_DOCUMENTATION_COMMENTS = YES;
				CLANG_WARN_EMPTY_BODY = YES;
				CLANG_WARN_ENUM_CONVERSION = YES;
				CLANG_WARN_INFINITE_RECURSION = YES;
				CLANG_WARN_INT_CONVERSION = YES;
				CLANG_WARN_NON_LITERAL_NULL_CONVERSION = YES;
				CLANG_WARN_OBJC_IMPLICIT_RETAIN_SELF = YES;
				CLANG_WARN_OBJC_LITERAL_CONVERSION = YES;
				CLANG_WARN_OBJC_ROOT_CLASS = YES_ERROR;
				CLANG_WARN_RANGE_LOOP_ANALYSIS = YES;
				CLANG_WARN_STRICT_PROTOTYPES = YES;
				CLANG_WARN_SUSPICIOUS_MOVE = YES;
				CLANG_WARN_UNGUARDED_AVAILABILITY = YES_AGGRESSIVE;
				CLANG_WARN_UNREACHABLE_CODE = YES;
				CLANG_WARN__DUPLICATE_METHOD_MATCH = YES;
				CODE_SIGN_IDENTITY = "iPhone Developer";
				COPY_PHASE_STRIP = NO;
				DEBUG_INFORMATION_FORMAT = dwarf;
				ENABLE_STRICT_OBJC_MSGSEND = YES;
				ENABLE_TESTABILITY = YES;
				GCC_C_LANGUAGE_STANDARD = gnu11;
				GCC_DYNAMIC_NO_PIC = NO;
				GCC_NO_COMMON_BLOCKS = YES;
				GCC_OPTIMIZATION_LEVEL = 0;
				GCC_PREPROCESSOR_DEFINITIONS = (
					"DEBUG=1",
					"$(inherited)",
				);
				GCC_WARN_64_TO_32_BIT_CONVERSION = YES;
				GCC_WARN_ABOUT_RETURN_TYPE = YES_ERROR;
				GCC_WARN_UNDECLARED_SELECTOR = YES;
				GCC_WARN_UNINITIALIZED_AUTOS = YES_AGGRESSIVE;
				GCC_WARN_UNUSED_FUNCTION = YES;
				GCC_WARN_UNUSED_VARIABLE = YES;
				IPHONEOS_DEPLOYMENT_TARGET = 12.2;
				MTL_ENABLE_DEBUG_INFO = INCLUDE_SOURCE;
				MTL_FAST_MATH = YES;
				ONLY_ACTIVE_ARCH = YES;
				SDKROOT = iphoneos;
				SWIFT_ACTIVE_COMPILATION_CONDITIONS = DEBUG;
				SWIFT_OPTIMIZATION_LEVEL = "-Onone";
			};
			name = Debug;
		};
		5230599222C39E1C0057DDD3 /* Release */ = {
			isa = XCBuildConfiguration;
			buildSettings = {
				ALWAYS_SEARCH_USER_PATHS = NO;
				CLANG_ANALYZER_NONNULL = YES;
				CLANG_ANALYZER_NUMBER_OBJECT_CONVERSION = YES_AGGRESSIVE;
				CLANG_CXX_LANGUAGE_STANDARD = "gnu++14";
				CLANG_CXX_LIBRARY = "libc++";
				CLANG_ENABLE_MODULES = YES;
				CLANG_ENABLE_OBJC_ARC = YES;
				CLANG_ENABLE_OBJC_WEAK = YES;
				CLANG_WARN_BLOCK_CAPTURE_AUTORELEASING = YES;
				CLANG_WARN_BOOL_CONVERSION = YES;
				CLANG_WARN_COMMA = YES;
				CLANG_WARN_CONSTANT_CONVERSION = YES;
				CLANG_WARN_DEPRECATED_OBJC_IMPLEMENTATIONS = YES;
				CLANG_WARN_DIRECT_OBJC_ISA_USAGE = YES_ERROR;
				CLANG_WARN_DOCUMENTATION_COMMENTS = YES;
				CLANG_WARN_EMPTY_BODY = YES;
				CLANG_WARN_ENUM_CONVERSION = YES;
				CLANG_WARN_INFINITE_RECURSION = YES;
				CLANG_WARN_INT_CONVERSION = YES;
				CLANG_WARN_NON_LITERAL_NULL_CONVERSION = YES;
				CLANG_WARN_OBJC_IMPLICIT_RETAIN_SELF = YES;
				CLANG_WARN_OBJC_LITERAL_CONVERSION = YES;
				CLANG_WARN_OBJC_ROOT_CLASS = YES_ERROR;
				CLANG_WARN_RANGE_LOOP_ANALYSIS = YES;
				CLANG_WARN_STRICT_PROTOTYPES = YES;
				CLANG_WARN_SUSPICIOUS_MOVE = YES;
				CLANG_WARN_UNGUARDED_AVAILABILITY = YES_AGGRESSIVE;
				CLANG_WARN_UNREACHABLE_CODE = YES;
				CLANG_WARN__DUPLICATE_METHOD_MATCH = YES;
				CODE_SIGN_IDENTITY = "iPhone Developer";
				COPY_PHASE_STRIP = NO;
				DEBUG_INFORMATION_FORMAT = "dwarf-with-dsym";
				ENABLE_NS_ASSERTIONS = NO;
				ENABLE_STRICT_OBJC_MSGSEND = YES;
				GCC_C_LANGUAGE_STANDARD = gnu11;
				GCC_NO_COMMON_BLOCKS = YES;
				GCC_WARN_64_TO_32_BIT_CONVERSION = YES;
				GCC_WARN_ABOUT_RETURN_TYPE = YES_ERROR;
				GCC_WARN_UNDECLARED_SELECTOR = YES;
				GCC_WARN_UNINITIALIZED_AUTOS = YES_AGGRESSIVE;
				GCC_WARN_UNUSED_FUNCTION = YES;
				GCC_WARN_UNUSED_VARIABLE = YES;
				IPHONEOS_DEPLOYMENT_TARGET = 12.2;
				MTL_ENABLE_DEBUG_INFO = NO;
				MTL_FAST_MATH = YES;
				SDKROOT = iphoneos;
				SWIFT_COMPILATION_MODE = wholemodule;
				SWIFT_OPTIMIZATION_LEVEL = "-O";
				VALIDATE_PRODUCT = YES;
			};
			name = Release;
		};
		5230599422C39E1C0057DDD3 /* Debug */ = {
			isa = XCBuildConfiguration;
			baseConfigurationReference = AD242F0CEA73825891C15CF1 /* Pods-Smack.debug.xcconfig */;
			buildSettings = {
				ASSETCATALOG_COMPILER_APPICON_NAME = AppIcon;
				CLANG_ENABLE_MODULES = YES;
				CODE_SIGN_STYLE = Automatic;
				DEVELOPMENT_TEAM = ZK457J9UDQ;
				INFOPLIST_FILE = Smack/Info.plist;
				LD_RUNPATH_SEARCH_PATHS = (
					"$(inherited)",
					"@executable_path/Frameworks",
				);
				PRODUCT_BUNDLE_IDENTIFIER = shone.Smack;
				PRODUCT_NAME = "$(TARGET_NAME)";
				SWIFT_OBJC_BRIDGING_HEADER = "Smack/Supporting Files/Smack-Bridging-Header.h";
				SWIFT_OPTIMIZATION_LEVEL = "-Onone";
				SWIFT_VERSION = 5.0;
				TARGETED_DEVICE_FAMILY = "1,2";
			};
			name = Debug;
		};
		5230599522C39E1C0057DDD3 /* Release */ = {
			isa = XCBuildConfiguration;
			baseConfigurationReference = E9F5E16968E19029AF8FA5E6 /* Pods-Smack.release.xcconfig */;
			buildSettings = {
				ASSETCATALOG_COMPILER_APPICON_NAME = AppIcon;
				CLANG_ENABLE_MODULES = YES;
				CODE_SIGN_STYLE = Automatic;
				DEVELOPMENT_TEAM = ZK457J9UDQ;
				INFOPLIST_FILE = Smack/Info.plist;
				LD_RUNPATH_SEARCH_PATHS = (
					"$(inherited)",
					"@executable_path/Frameworks",
				);
				PRODUCT_BUNDLE_IDENTIFIER = shone.Smack;
				PRODUCT_NAME = "$(TARGET_NAME)";
				SWIFT_OBJC_BRIDGING_HEADER = "Smack/Supporting Files/Smack-Bridging-Header.h";
				SWIFT_VERSION = 5.0;
				TARGETED_DEVICE_FAMILY = "1,2";
			};
			name = Release;
		};
/* End XCBuildConfiguration section */

/* Begin XCConfigurationList section */
		5230597C22C39E1B0057DDD3 /* Build configuration list for PBXProject "Smack" */ = {
			isa = XCConfigurationList;
			buildConfigurations = (
				5230599122C39E1C0057DDD3 /* Debug */,
				5230599222C39E1C0057DDD3 /* Release */,
			);
			defaultConfigurationIsVisible = 0;
			defaultConfigurationName = Release;
		};
		5230599322C39E1C0057DDD3 /* Build configuration list for PBXNativeTarget "Smack" */ = {
			isa = XCConfigurationList;
			buildConfigurations = (
				5230599422C39E1C0057DDD3 /* Debug */,
				5230599522C39E1C0057DDD3 /* Release */,
			);
			defaultConfigurationIsVisible = 0;
			defaultConfigurationName = Release;
		};
/* End XCConfigurationList section */
	};
	rootObject = 5230597922C39E1B0057DDD3 /* Project object */;
}
